PODS:
  - JSBadgeView (1.4.1)
  - XCShoppingCart (0.0.2):
    - JSBadgeView (~> 1.4.1)

DEPENDENCIES:
  - XCShoppingCart (from `../`)

SPEC REPOS:
  https://github.com/cocoapods/specs.git:
    - JSBadgeView

EXTERNAL SOURCES:
  XCShoppingCart:
    :path: "../"

SPEC CHECKSUMS:
  JSBadgeView: 3861ddee41094284d9468e6d0af5107f703aaac5
  XCShoppingCart: c31690144d23b8842a53d0f5c3b8a37ace2457f9

PODFILE CHECKSUM: e74c8a7db7ea2f20429e549e733716a4ccd5d884

COCOAPODS: 1.7.5
